
Microsoft Visual Studio Solution File, Format Version 12.00
# Visual Studio Version 17
VisualStudioVersion = 17.12.35527.113
MinimumVisualStudioVersion = 10.0.40219.1
Project("{FAE04EC0-301F-11D3-BF4B-00C04F79EFBC}") = "ArchitectureDesignPoc", "ArchitectureDesignPoc.csproj", "{6DBE746E-85C8-41E0-A56D-F7880819BCCF}"
EndProject
Project("{2150E333-8FDC-42A3-9474-1A3956D46DE8}") = "Customer", "Customer", "{B4B4B701-7454-44BE-87ED-C53B421EC75C}"
EndProject
Project("{2150E333-8FDC-42A3-9474-1A3956D46DE8}") = "Shared", "Shared", "{9E289CB3-38B9-4943-AA13-E90FA7DB858F}"
EndProject
Project("{FAE04EC0-301F-11D3-BF4B-00C04F79EFBC}") = "Customer.Api", "Customer.Api\Customer.Api.csproj", "{8B42C253-EB7C-4D4E-9F73-0B12FDC7AA52}"
EndProject
Project("{FAE04EC0-301F-11D3-BF4B-00C04F79EFBC}") = "Customer.Application", "Customer.Application\Customer.Application.csproj", "{261F7B56-4A3D-4B41-913D-A5E3F07E1949}"
EndProject
Project("{FAE04EC0-301F-11D3-BF4B-00C04F79EFBC}") = "Customer.Dtos", "Customer.Dtos\Customer.Dtos.csproj", "{73935A04-1157-4D76-9056-E0F46790FB34}"
EndProject
Project("{FAE04EC0-301F-11D3-BF4B-00C04F79EFBC}") = "Customer.Infrastructure", "Customer.Infrastructure\Customer.Infrastructure.csproj", "{82260033-E790-47EE-89C8-17858E30C3F4}"
EndProject
Project("{FAE04EC0-301F-11D3-BF4B-00C04F79EFBC}") = "Shared.Api", "Shared.Api\Shared.Api.csproj", "{2472589B-85CE-4A41-A688-DD30BFCE053A}"
EndProject
Project("{FAE04EC0-301F-11D3-BF4B-00C04F79EFBC}") = "Shared.Application", "Shared.Application\Shared.Application.csproj", "{9C7B76CC-CDCC-435C-8F5A-3FCE60A06C02}"
EndProject
Project("{FAE04EC0-301F-11D3-BF4B-00C04F79EFBC}") = "Shared.Infrastructure", "Shared.Infrastructure\Shared.Infrastructure.csproj", "{66F33CD1-3407-4BFD-A1CB-EB34BA77A0B0}"
EndProject
Global
	GlobalSection(SolutionConfigurationPlatforms) = preSolution
		Debug|Any CPU = Debug|Any CPU
		Release|Any CPU = Release|Any CPU
	EndGlobalSection
	GlobalSection(ProjectConfigurationPlatforms) = postSolution
		{6DBE746E-85C8-41E0-A56D-F7880819BCCF}.Debug|Any CPU.ActiveCfg = Debug|Any CPU
		{6DBE746E-85C8-41E0-A56D-F7880819BCCF}.Debug|Any CPU.Build.0 = Debug|Any CPU
		{6DBE746E-85C8-41E0-A56D-F7880819BCCF}.Release|Any CPU.ActiveCfg = Release|Any CPU
		{6DBE746E-85C8-41E0-A56D-F7880819BCCF}.Release|Any CPU.Build.0 = Release|Any CPU
		{8B42C253-EB7C-4D4E-9F73-0B12FDC7AA52}.Debug|Any CPU.ActiveCfg = Debug|Any CPU
		{8B42C253-EB7C-4D4E-9F73-0B12FDC7AA52}.Debug|Any CPU.Build.0 = Debug|Any CPU
		{8B42C253-EB7C-4D4E-9F73-0B12FDC7AA52}.Release|Any CPU.ActiveCfg = Release|Any CPU
		{8B42C253-EB7C-4D4E-9F73-0B12FDC7AA52}.Release|Any CPU.Build.0 = Release|Any CPU
		{261F7B56-4A3D-4B41-913D-A5E3F07E1949}.Debug|Any CPU.ActiveCfg = Debug|Any CPU
		{261F7B56-4A3D-4B41-913D-A5E3F07E1949}.Debug|Any CPU.Build.0 = Debug|Any CPU
		{261F7B56-4A3D-4B41-913D-A5E3F07E1949}.Release|Any CPU.ActiveCfg = Release|Any CPU
		{261F7B56-4A3D-4B41-913D-A5E3F07E1949}.Release|Any CPU.Build.0 = Release|Any CPU
		{73935A04-1157-4D76-9056-E0F46790FB34}.Debug|Any CPU.ActiveCfg = Debug|Any CPU
		{73935A04-1157-4D76-9056-E0F46790FB34}.Debug|Any CPU.Build.0 = Debug|Any CPU
		{73935A04-1157-4D76-9056-E0F46790FB34}.Release|Any CPU.ActiveCfg = Release|Any CPU
		{73935A04-1157-4D76-9056-E0F46790FB34}.Release|Any CPU.Build.0 = Release|Any CPU
		{82260033-E790-47EE-89C8-17858E30C3F4}.Debug|Any CPU.ActiveCfg = Debug|Any CPU
		{82260033-E790-47EE-89C8-17858E30C3F4}.Debug|Any CPU.Build.0 = Debug|Any CPU
		{82260033-E790-47EE-89C8-17858E30C3F4}.Release|Any CPU.ActiveCfg = Release|Any CPU
		{82260033-E790-47EE-89C8-17858E30C3F4}.Release|Any CPU.Build.0 = Release|Any CPU
		{2472589B-85CE-4A41-A688-DD30BFCE053A}.Debug|Any CPU.ActiveCfg = Debug|Any CPU
		{2472589B-85CE-4A41-A688-DD30BFCE053A}.Debug|Any CPU.Build.0 = Debug|Any CPU
		{2472589B-85CE-4A41-A688-DD30BFCE053A}.Release|Any CPU.ActiveCfg = Release|Any CPU
		{2472589B-85CE-4A41-A688-DD30BFCE053A}.Release|Any CPU.Build.0 = Release|Any CPU
		{9C7B76CC-CDCC-435C-8F5A-3FCE60A06C02}.Debug|Any CPU.ActiveCfg = Debug|Any CPU
		{9C7B76CC-CDCC-435C-8F5A-3FCE60A06C02}.Debug|Any CPU.Build.0 = Debug|Any CPU
		{9C7B76CC-CDCC-435C-8F5A-3FCE60A06C02}.Release|Any CPU.ActiveCfg = Release|Any CPU
		{9C7B76CC-CDCC-435C-8F5A-3FCE60A06C02}.Release|Any CPU.Build.0 = Release|Any CPU
		{66F33CD1-3407-4BFD-A1CB-EB34BA77A0B0}.Debug|Any CPU.ActiveCfg = Debug|Any CPU
		{66F33CD1-3407-4BFD-A1CB-EB34BA77A0B0}.Debug|Any CPU.Build.0 = Debug|Any CPU
		{66F33CD1-3407-4BFD-A1CB-EB34BA77A0B0}.Release|Any CPU.ActiveCfg = Release|Any CPU
		{66F33CD1-3407-4BFD-A1CB-EB34BA77A0B0}.Release|Any CPU.Build.0 = Release|Any CPU
	EndGlobalSection
	GlobalSection(SolutionProperties) = preSolution
		HideSolutionNode = FALSE
	EndGlobalSection
	GlobalSection(NestedProjects) = preSolution
		{8B42C253-EB7C-4D4E-9F73-0B12FDC7AA52} = {B4B4B701-7454-44BE-87ED-C53B421EC75C}
		{261F7B56-4A3D-4B41-913D-A5E3F07E1949} = {B4B4B701-7454-44BE-87ED-C53B421EC75C}
		{73935A04-1157-4D76-9056-E0F46790FB34} = {B4B4B701-7454-44BE-87ED-C53B421EC75C}
		{82260033-E790-47EE-89C8-17858E30C3F4} = {B4B4B701-7454-44BE-87ED-C53B421EC75C}
		{2472589B-85CE-4A41-A688-DD30BFCE053A} = {9E289CB3-38B9-4943-AA13-E90FA7DB858F}
		{9C7B76CC-CDCC-435C-8F5A-3FCE60A06C02} = {9E289CB3-38B9-4943-AA13-E90FA7DB858F}
		{66F33CD1-3407-4BFD-A1CB-EB34BA77A0B0} = {9E289CB3-38B9-4943-AA13-E90FA7DB858F}
	EndGlobalSection
EndGlobal
